
Microsoft Visual Studio Solution File, Format Version 12.00
# Visual Studio Version 16
VisualStudioVersion = 16.0.29613.14
MinimumVisualStudioVersion = 10.0.40219.1
Project("{888888A0-9F3D-457C-B088-3A5042F75D52}") = "AlerteVisiteur", "AlerteVisiteur.pyproj", "{2F9DA20B-B5E1-490B-9DFF-9712529A1D4B}"
EndProject
Global
	GlobalSection(SolutionConfigurationPlatforms) = preSolution
		Debug|Any CPU = Debug|Any CPU
		Release|Any CPU = Release|Any CPU
	EndGlobalSection
	GlobalSection(ProjectConfigurationPlatforms) = postSolution
		{2F9DA20B-B5E1-490B-9DFF-9712529A1D4B}.Debug|Any CPU.ActiveCfg = Debug|Any CPU
		{2F9DA20B-B5E1-490B-9DFF-9712529A1D4B}.Release|Any CPU.ActiveCfg = Release|Any CPU
	EndGlobalSection
	GlobalSection(SolutionProperties) = preSolution
		HideSolutionNode = FALSE
	EndGlobalSection
	GlobalSection(ExtensibilityGlobals) = postSolution
		SolutionGuid = {BCDA2D7B-177E-4640-AF60-78DC54E82D21}
	EndGlobalSection
EndGlobal
